
Microsoft Visual Studio Solution File, Format Version 12.00
# Visual Studio 15
VisualStudioVersion = 15.0.27428.2011
MinimumVisualStudioVersion = 10.0.40219.1
Project("{FAE04EC0-301F-11D3-BF4B-00C04F79EFBC}") = "KafkaProducer", "KafkaProducer\KafkaProducer.csproj", "{9742237A-9807-43BF-B240-571C78446E3A}"
EndProject
Project("{FAE04EC0-301F-11D3-BF4B-00C04F79EFBC}") = "KafkaConsumer", "KafkaConsumer\KafkaConsumer.csproj", "{0037BB75-D814-4A9C-A4A2-08782B4305AE}"
EndProject
Project("{FAE04EC0-301F-11D3-BF4B-00C04F79EFBC}") = "KafkaProducerUI", "KafkaProducerUI\KafkaProducerUI.csproj", "{D15DB798-8E2D-4134-9704-64AC60ADE171}"
EndProject
Project("{2150E333-8FDC-42A3-9474-1A3956D46DE8}") = "Solution Items", "Solution Items", "{08E16499-06E5-4382-BBC9-14C4F86E8F62}"
	ProjectSection(SolutionItems) = preProject
		Readme.txt = Readme.txt
	EndProjectSection
EndProject
Global
	GlobalSection(SolutionConfigurationPlatforms) = preSolution
		Debug|Any CPU = Debug|Any CPU
		Release|Any CPU = Release|Any CPU
	EndGlobalSection
	GlobalSection(ProjectConfigurationPlatforms) = postSolution
		{9742237A-9807-43BF-B240-571C78446E3A}.Debug|Any CPU.ActiveCfg = Debug|Any CPU
		{9742237A-9807-43BF-B240-571C78446E3A}.Debug|Any CPU.Build.0 = Debug|Any CPU
		{9742237A-9807-43BF-B240-571C78446E3A}.Release|Any CPU.ActiveCfg = Release|Any CPU
		{9742237A-9807-43BF-B240-571C78446E3A}.Release|Any CPU.Build.0 = Release|Any CPU
		{0037BB75-D814-4A9C-A4A2-08782B4305AE}.Debug|Any CPU.ActiveCfg = Debug|Any CPU
		{0037BB75-D814-4A9C-A4A2-08782B4305AE}.Debug|Any CPU.Build.0 = Debug|Any CPU
		{0037BB75-D814-4A9C-A4A2-08782B4305AE}.Release|Any CPU.ActiveCfg = Release|Any CPU
		{0037BB75-D814-4A9C-A4A2-08782B4305AE}.Release|Any CPU.Build.0 = Release|Any CPU
		{D15DB798-8E2D-4134-9704-64AC60ADE171}.Debug|Any CPU.ActiveCfg = Debug|Any CPU
		{D15DB798-8E2D-4134-9704-64AC60ADE171}.Debug|Any CPU.Build.0 = Debug|Any CPU
		{D15DB798-8E2D-4134-9704-64AC60ADE171}.Release|Any CPU.ActiveCfg = Release|Any CPU
		{D15DB798-8E2D-4134-9704-64AC60ADE171}.Release|Any CPU.Build.0 = Release|Any CPU
	EndGlobalSection
	GlobalSection(SolutionProperties) = preSolution
		HideSolutionNode = FALSE
	EndGlobalSection
	GlobalSection(ExtensibilityGlobals) = postSolution
		SolutionGuid = {3D8DEE51-49DB-4DE6-AA57-C568D01B13B8}
	EndGlobalSection
EndGlobal
